lockfileVersion: '9.0'

settings:
  autoInstallPeers: true
  excludeLinksFromLockfile: false

importers:

  .:
    dependencies:
      '@inquirer/prompts':
        specifier: ^8.0.2
        version: 8.0.2(@types/node@24.10.1)
      commander:
        specifier: ^14.0.2
        version: 14.0.2
      date-prompt:
        specifier: ^1.0.0
        version: 1.0.0
      open:
        specifier: ^11.0.0
        version: 11.0.0
    devDependencies:
      '@types/follow-redirects':
        specifier: ^1.14.4
        version: 1.14.4
      '@types/node':
        specifier: ^24.10.1
        version: 24.10.1
      follow-redirects:
        specifier: ^1.15.11
        version: 1.15.11
      typescript:
        specifier: ^5.9.3
        version: 5.9.3

packages:

  '@derhuerst/cli-on-key@0.1.0':
    resolution: {integrity: sha512-+Q3J+a/4fSyR9SIsV9PEW24AuIHyMwsZ3yNd1nGGOXKIz0aoqovBHE+LQSd7FkfV6ZJi0N1Mw2RwaZq2xMa3BA==}
    engines: {node: '>=6'}

  '@inquirer/ansi@2.0.2':
    resolution: {integrity: sha512-SYLX05PwJVnW+WVegZt1T4Ip1qba1ik+pNJPDiqvk6zS5Y/i8PhRzLpGEtVd7sW0G8cMtkD8t4AZYhQwm8vnww==}
    engines: {node: '>=23.5.0 || ^22.13.0 || ^21.7.0 || ^20.12.0'}

  '@inquirer/checkbox@5.0.2':
    resolution: {integrity: sha512-iTPV4tMMct7iOpwer5qmTP7gjnk1VQJjsNfAaC2b8Q3qiuHM3K2yjjDr5u1MKfkrvp2JD4Flf8sIPpF21pmZmw==}
    engines: {node: '>=23.5.0 || ^22.13.0 || ^21.7.0 || ^20.12.0'}
    peerDependencies:
      '@types/node': '>=18'
    peerDependenciesMeta:
      '@types/node':
        optional: true

  '@inquirer/confirm@6.0.2':
    resolution: {integrity: sha512-A0/13Wyi+8iFeNDX6D4zZYKPoBLIEbE4K/219qHcnpXMer2weWvaTo63+2c7mQPPA206DEMSYVOPnEw3meOlCw==}
    engines: {node: '>=23.5.0 || ^22.13.0 || ^21.7.0 || ^20.12.0'}
    peerDependencies:
      '@types/node': '>=18'
    peerDependenciesMeta:
      '@types/node':
        optional: true

  '@inquirer/core@11.0.2':
    resolution: {integrity: sha512-lgMRx/n02ciiNELBvFLHtmcjbV5tf5D/I0UYfCg2YbTZWmBZ10/niLd3IjWBxz8LtM27xP+4oLEa06Slmb7p7A==}
    engines: {node: '>=23.5.0 || ^22.13.0 || ^21.7.0 || ^20.12.0'}
    peerDependencies:
      '@types/node': '>=18'
    peerDependenciesMeta:
      '@types/node':
        optional: true

  '@inquirer/editor@5.0.2':
    resolution: {integrity: sha512-pXQ4Nf0qmFcJuYB6NlcIIxH6l6zKOwNg1Jh/ZRdKd2dTqBB4OXKUFbFwR2K4LVXVtq15ZFFatBVT+rerYR8hWQ==}
    engines: {node: '>=23.5.0 || ^22.13.0 || ^21.7.0 || ^20.12.0'}
    peerDependencies:
      '@types/node': '>=18'
    peerDependenciesMeta:
      '@types/node':
        optional: true

  '@inquirer/expand@5.0.2':
    resolution: {integrity: sha512-siFG1swxfjFIOxIcehtZkh+KUNB/YCpyfHNEGu+nC/SBXIbgUWibvThLn/WesSxLRGOeSKdNKoTm+GQCKFm6Ww==}
    engines: {node: '>=23.5.0 || ^22.13.0 || ^21.7.0 || ^20.12.0'}
    peerDependencies:
      '@types/node': '>=18'
    peerDependenciesMeta:
      '@types/node':
        optional: true

  '@inquirer/external-editor@2.0.2':
    resolution: {integrity: sha512-X/fMXK7vXomRWEex1j8mnj7s1mpnTeP4CO/h2gysJhHLT2WjBnLv4ZQEGpm/kcYI8QfLZ2fgW+9kTKD+jeopLg==}
    engines: {node: '>=23.5.0 || ^22.13.0 || ^21.7.0 || ^20.12.0'}
    peerDependencies:
      '@types/node': '>=18'
    peerDependenciesMeta:
      '@types/node':
        optional: true

  '@inquirer/figures@2.0.2':
    resolution: {integrity: sha512-qXm6EVvQx/FmnSrCWCIGtMHwqeLgxABP8XgcaAoywsL0NFga9gD5kfG0gXiv80GjK9Hsoz4pgGwF/+CjygyV9A==}
    engines: {node: '>=23.5.0 || ^22.13.0 || ^21.7.0 || ^20.12.0'}

  '@inquirer/input@5.0.2':
    resolution: {integrity: sha512-hN2YRo1QiEc9lD3mK+CPnTS4TK2RhCMmMmP4nCWwTkmQL2vx9jPJWYk+rbUZpwR1D583ZJk1FI3i9JZXIpi/qg==}
    engines: {node: '>=23.5.0 || ^22.13.0 || ^21.7.0 || ^20.12.0'}
    peerDependencies:
      '@types/node': '>=18'
    peerDependenciesMeta:
      '@types/node':
        optional: true

  '@inquirer/number@4.0.2':
    resolution: {integrity: sha512-4McnjTSYrlthNW1ojkkmP75WLRYhQs7GXm6pDDoIrHqJuV5uUYwfdbB0geHdaKMarAqJQgoOVjzIT0jdWCsKew==}
    engines: {node: '>=23.5.0 || ^22.13.0 || ^21.7.0 || ^20.12.0'}
    peerDependencies:
      '@types/node': '>=18'
    peerDependenciesMeta:
      '@types/node':
        optional: true

  '@inquirer/password@5.0.2':
    resolution: {integrity: sha512-oSDziMKiw4G2e4zS+0JRfxuPFFGh6N/9yUaluMgEHp2/Yyj2JGwfDO7XbwtOrxVrz+XsP/iaGyWXdQb9d8A0+g==}
    engines: {node: '>=23.5.0 || ^22.13.0 || ^21.7.0 || ^20.12.0'}
    peerDependencies:
      '@types/node': '>=18'
    peerDependenciesMeta:
      '@types/node':
        optional: true

  '@inquirer/prompts@8.0.2':
    resolution: {integrity: sha512-2zK5zY48fZcl6+gG4eqOC/UzZsJckHCRvjXoLuW4D8LKOCVGdcJiSKkLnumSZjR/6PXPINDGOrGHqNxb+sxJDg==}
    engines: {node: '>=23.5.0 || ^22.13.0 || ^21.7.0 || ^20.12.0'}
    peerDependencies:
      '@types/node': '>=18'
    peerDependenciesMeta:
      '@types/node':
        optional: true

  '@inquirer/rawlist@5.0.2':
    resolution: {integrity: sha512-AcNALEdQKUQDeJcpC1a3YC53m1MLv+sMUS+vRZ8Qigs1Yg3Dcdtmi82rscJplogKOY8CXkKW4wvVwHS2ZjCIBQ==}
    engines: {node: '>=23.5.0 || ^22.13.0 || ^21.7.0 || ^20.12.0'}
    peerDependencies:
      '@types/node': '>=18'
    peerDependenciesMeta:
      '@types/node':
        optional: true

  '@inquirer/search@4.0.2':
    resolution: {integrity: sha512-hg63w5toohdzE65S3LiGhdfIL0kT+yisbZARf7zw65PvyMUTutTN3eMAvD/B6y/25z88vTrB7kSB45Vz5CbrXg==}
    engines: {node: '>=23.5.0 || ^22.13.0 || ^21.7.0 || ^20.12.0'}
    peerDependencies:
      '@types/node': '>=18'
    peerDependenciesMeta:
      '@types/node':
        optional: true

  '@inquirer/select@5.0.2':
    resolution: {integrity: sha512-JygTohvQxSNnvt7IKANVlg/eds+yN5sLRilYeGc4ri/9Aqi/2QPoXBMV5Cz/L1VtQv63SnTbPXJZeCK2pSwsOA==}
    engines: {node: '>=23.5.0 || ^22.13.0 || ^21.7.0 || ^20.12.0'}
    peerDependencies:
      '@types/node': '>=18'
    peerDependenciesMeta:
      '@types/node':
        optional: true

  '@inquirer/type@4.0.2':
    resolution: {integrity: sha512-cae7mzluplsjSdgFA6ACLygb5jC8alO0UUnFPyu0E7tNRPrL+q/f8VcSXp+cjZQ7l5CMpDpi2G1+IQvkOiL1Lw==}
    engines: {node: '>=23.5.0 || ^22.13.0 || ^21.7.0 || ^20.12.0'}
    peerDependencies:
      '@types/node': '>=18'
    peerDependenciesMeta:
      '@types/node':
        optional: true

  '@types/follow-redirects@1.14.4':
    resolution: {integrity: sha512-GWXfsD0Jc1RWiFmMuMFCpXMzi9L7oPDVwxUnZdg89kDNnqsRfUKXEtUYtA98A6lig1WXH/CYY/fvPW9HuN5fTA==}

  '@types/node@24.10.1':
    resolution: {integrity: sha512-GNWcUTRBgIRJD5zj+Tq0fKOJ5XZajIiBroOF0yvj2bSU1WvNdYS/dn9UxwsujGW4JX06dnHyjV2y9rRaybH0iQ==}

  ansi-diff-stream@1.2.1:
    resolution: {integrity: sha512-PaKs34INoKpTzcjyKd2GM/CCEeTyDgWKuHSgF0z7ywjpbBFj/pzQf/30v+TR6VBBLia6Mso+W2ygU22ljqbi6A==}
    hasBin: true

  ansi-escapes@3.2.0:
    resolution: {integrity: sha512-cBhpre4ma+U0T1oM5fXg7Dy1Jw7zzwv7lt/GoCpr+hDQJoYnKVPLL4dCvSEFMmQurOQvSrwT7SL/DAlhBI97RQ==}
    engines: {node: '>=4'}

  ansi-escapes@4.3.2:
    resolution: {integrity: sha512-gKXj5ALrKWQLsYG9jlTRmR/xKluxHV+Z9QEwNIgCfM1/uwPMCuzVVnh5mwTd+OuBZcwSIMbqssNWRm1lE51QaQ==}
    engines: {node: '>=8'}

  ansi-regex@2.1.1:
    resolution: {integrity: sha512-TIGnTpdo+E3+pCyAluZvtED5p5wCqLdezCyhPZzKPcxvFplEt4i+W7OONCKgeZFT3+y5NZZfOOS/Bdcanm1MYA==}
    engines: {node: '>=0.10.0'}

  ansi-regex@6.2.2:
    resolution: {integrity: sha512-Bq3SmSpyFHaWjPk8If9yc6svM8c56dB5BAtW4Qbw5jHTwwXXcTLoRMkpDJp6VL0XzlWaCHTXrkFURMYmD0sLqg==}
    engines: {node: '>=12'}

  ansi-styles@3.2.1:
    resolution: {integrity: sha512-VT0ZI6kZRdTh8YyJw3SMbYm/u+NqfsAxEpWO0Pf9sq8/e94WxxOpPKx9FR1FlyCtOVDNOQ+8ntlqFxiRc+r5qA==}
    engines: {node: '>=4'}

  ansi-styles@4.3.0:
    resolution: {integrity: sha512-zbB9rCJAT1rbjiVDb2hqKFHNYLxgtk8NURxZ3IZwD3F6NtxbXZQCnnSi1Lkx+IDohdPlFp222wVALIheZJQSEg==}
    engines: {node: '>=8'}

  ansi-styles@6.2.3:
    resolution: {integrity: sha512-4Dj6M28JB+oAH8kFkTLUo+a2jwOFkuqb3yucU0CANcRRUbxS0cP0nZYCGjcc3BNXwRIsUVmDGgzawme7zvJHvg==}
    engines: {node: '>=12'}

  buffer-from@1.1.2:
    resolution: {integrity: sha512-E+XQCRwSbaaiChtv6k6Dwgc+bx+Bs6vuKJHHl5kox/BaKbhiXzqQOwK4cO22yElGp2OCmjwVhT3HmxgyPGnJfQ==}

  bundle-name@4.1.0:
    resolution: {integrity: sha512-tjwM5exMg6BGRI+kNmTntNsvdZS1X8BFYS6tnJ2hdH0kVxM6/eVZ2xy+FqStSWvYmtfFMDLIxurorHwDKfDz5Q==}
    engines: {node: '>=18'}

  chalk@2.4.2:
    resolution: {integrity: sha512-Mti+f9lpJNcwF4tWV8/OrTTtF1gZi+f8FqlyAdouralcFWFQWF2+NgCHShjkCb+IFBLq9buZwE1xckQU4peSuQ==}
    engines: {node: '>=4'}

  chalk@4.1.2:
    resolution: {integrity: sha512-oKnbhFyRIXpUuez8iBMmyEa4nbj4IOQyuhc/wy9kY7/WVPcwIO9VA668Pu8RkO7+0G76SLROeyw9CpQ061i4mA==}
    engines: {node: '>=10'}

  chardet@2.1.1:
    resolution: {integrity: sha512-PsezH1rqdV9VvyNhxxOW32/d75r01NY7TQCmOqomRo15ZSOKbpTFVsfjghxo6JloQUCGnH4k1LGu0R4yCLlWQQ==}

  cli-styles@1.0.0:
    resolution: {integrity: sha512-sxW8W3QJeuDF+iM3v4rPy0B7ccRPbCi6PSvUD5mUgUYLN5g1eDsd/s/DQuaxx8Izyrep8+JA/uXqV5ZW/nmhhw==}
    engines: {node: '>=6'}

  cli-width@4.1.0:
    resolution: {integrity: sha512-ouuZd4/dm2Sw5Gmqy6bGyNNNe1qt9RpmxveLSO7KcgsTnU7RXfsw+/bukWGo1abgBiMAic068rclZsO4IWmmxQ==}
    engines: {node: '>= 12'}

  color-convert@1.9.3:
    resolution: {integrity: sha512-QfAUtd+vFdAtFQcC8CCyYt1fYWxSqAiK2cSD6zDB8N3cpsEBAvRxp9zOGg6G/SHHJYAT88/az/IuDGALsNVbGg==}

  color-convert@2.0.1:
    resolution: {integrity: sha512-RRECPsj7iu/xb5oKYcsFHSppFNnsj/52OVTRKb4zP5onXwVF3zVmmToNcOfGC+CRDpfK/U584fMg38ZHCaElKQ==}
    engines: {node: '>=7.0.0'}

  color-name@1.1.3:
    resolution: {integrity: sha512-72fSenhMw2HZMTVHeCA9KCmpEIbzWiQsjN+BHcBbS9vr1mtt+vJjPdksIBNUmKAW8TFUDPJK5SUU3QhE9NEXDw==}

  color-name@1.1.4:
    resolution: {integrity: sha512-dOy+3AuW3a2wNbZHIuMZpTcgjGuLU/uBL/ubcZF9OXbDo8ff4O8yVp5Bf0efS8uEoYo5q4Fx7dY9OgQGXgAsQA==}

  commander@14.0.2:
    resolution: {integrity: sha512-TywoWNNRbhoD0BXs1P3ZEScW8W5iKrnbithIl0YH+uCmBd0QpPOA8yc82DS3BIE5Ma6FnBVUsJ7wVUDz4dvOWQ==}
    engines: {node: '>=20'}

  core-util-is@1.0.3:
    resolution: {integrity: sha512-ZQBvi1DcpJ4GDqanjucZ2Hj3wEO5pZDS89BWbkcrvdxksJorwUDDZamX9ldFkp9aw2lmBDLgkObEA4DWNJ9FYQ==}

  date-prompt@1.0.0:
    resolution: {integrity: sha512-NW0l8fTu1ITWiX5YZ1tQAThJyM1E1ZZ1pmHVBomZ2j7PzJoferMavZmAlZgmDeGBO00hxkLamyKlDdj9TfqVxQ==}
    engines: {node: '>=10'}

  default-browser-id@5.0.1:
    resolution: {integrity: sha512-x1VCxdX4t+8wVfd1so/9w+vQ4vx7lKd2Qp5tDRutErwmR85OgmfX7RlLRMWafRMY7hbEiXIbudNrjOAPa/hL8Q==}
    engines: {node: '>=18'}

  default-browser@5.4.0:
    resolution: {integrity: sha512-XDuvSq38Hr1MdN47EDvYtx3U0MTqpCEn+F6ft8z2vYDzMrvQhVp0ui9oQdqW3MvK3vqUETglt1tVGgjLuJ5izg==}
    engines: {node: '>=18'}

  define-lazy-prop@3.0.0:
    resolution: {integrity: sha512-N+MeXYoqr3pOgn8xfyRPREN7gHakLYjhsHhWGT3fWAiL4IkAt0iDw14QiiEm2bE30c5XX5q0FtAA3CK5f9/BUg==}
    engines: {node: '>=12'}

  define-property@1.0.0:
    resolution: {integrity: sha512-cZTYKFWspt9jZsMscWo8sc/5lbPC9Q0N5nBLgb+Yd915iL3udB1uFgS3B8YCx66UVHq018DAVFoee7x+gxggeA==}
    engines: {node: '>=0.10.0'}

  emoji-regex@10.6.0:
    resolution: {integrity: sha512-toUI84YS5YmxW219erniWD0CIVOo46xGKColeNQRgOzDorgBi1v4D71/OFzgD9GO2UGKIv1C3Sp8DAn0+j5w7A==}

  escape-string-regexp@1.0.5:
    resolution: {integrity: sha512-vbRorB5FUQWvla16U8R/qgaFIya2qGzwDrNmCZuYKrbdSUMG6I1ZCGQRefkRVhuOkIGVne7BQ35DSfo1qvJqFg==}
    engines: {node: '>=0.8.0'}

  figures@2.0.0:
    resolution: {integrity: sha512-Oa2M9atig69ZkfwiApY8F2Yy+tzMbazyvqv21R0NsSC8floSOC09BbT1ITWAdoMGQvJ/aZnR1KMwdx9tvHnTNA==}
    engines: {node: '>=4'}

  follow-redirects@1.15.11:
    resolution: {integrity: sha512-deG2P0JfjrTxl50XGCDyfI97ZGVCxIpfKYmfyrQ54n5FO/0gfIES8C/Psl6kWVDolizcaaxZJnTS0QSMxvnsBQ==}
    engines: {node: '>=4.0'}
    peerDependencies:
      debug: '*'
    peerDependenciesMeta:
      debug:
        optional: true

  function-bind@1.1.2:
    resolution: {integrity: sha512-7XHNxH7qX9xG5mIwxkhumTox/MIRNcOgDrxWsMt2pAr23WHp6MrRlN7FBSFpCpr+oVO0F744iUgR82nJMfG2SA==}

  get-east-asian-width@1.4.0:
    resolution: {integrity: sha512-QZjmEOC+IT1uk6Rx0sX22V6uHWVwbdbxf1faPqJ1QhLdGgsRGCZoyaQBm/piRdJy/D2um6hM1UP7ZEeQ4EkP+Q==}
    engines: {node: '>=18'}

  has-flag@3.0.0:
    resolution: {integrity: sha512-sKJf1+ceQBr4SMkvQnBDNDtf4TXpVhVGateu0t918bl30FnbE2m4vNLX+VWe/dpjlb+HugGYzW7uQXH98HPEYw==}
    engines: {node: '>=4'}

  has-flag@4.0.0:
    resolution: {integrity: sha512-EykJT/Q1KjTWctppgIAgfSO0tKVuZUjhgMr17kqTumMl6Afv3EISleU7qZUzoXDFTAHTDC4NOoG/ZxU3EvlMPQ==}
    engines: {node: '>=8'}

  hasown@2.0.2:
    resolution: {integrity: sha512-0hJU9SCPvmMzIBdZFqNPXWa6dqh7WdH0cII9y+CyS8rG3nL48Bclra9HmKhVVUHyPWNH5Y7xDwAB7bfgSjkUMQ==}
    engines: {node: '>= 0.4'}

  iconv-lite@0.7.0:
    resolution: {integrity: sha512-cf6L2Ds3h57VVmkZe+Pn+5APsT7FpqJtEhhieDCvrE2MK5Qk9MyffgQyuxQTm6BChfeZNtcOLHp9IcWRVcIcBQ==}
    engines: {node: '>=0.10.0'}

  inherits@2.0.4:
    resolution: {integrity: sha512-k/vGaX4/Yla3WzyMCvTQOXYeIHvqOKtnqBduzTHpzpQZzAskKMhZ2K+EnBiSM9zGSoIFeMpXKxa4dYeZIQqewQ==}

  is-accessor-descriptor@1.0.1:
    resolution: {integrity: sha512-YBUanLI8Yoihw923YeFUS5fs0fF2f5TSFTNiYAAzhhDscDa3lEqYuz1pDOEP5KvX94I9ey3vsqjJcLVFVU+3QA==}
    engines: {node: '>= 0.10'}

  is-buffer@1.1.6:
    resolution: {integrity: sha512-NcdALwpXkTm5Zvvbk7owOUSvVvBKDgKP5/ewfXEznmQFfs4ZRmanOeKBTjRVjka3QFoN6XJ+9F3USqfHqTaU5w==}

  is-data-descriptor@1.0.1:
    resolution: {integrity: sha512-bc4NlCDiCr28U4aEsQ3Qs2491gVq4V8G7MQyws968ImqjKuYtTJXrl7Vq7jsN7Ly/C3xj5KWFrY7sHNeDkAzXw==}
    engines: {node: '>= 0.4'}

  is-descriptor@1.0.3:
    resolution: {integrity: sha512-JCNNGbwWZEVaSPtS45mdtrneRWJFp07LLmykxeFV5F6oBvNF8vHSfJuJgoT472pSfk+Mf8VnlrspaFBHWM8JAw==}
    engines: {node: '>= 0.4'}

  is-docker@3.0.0:
    resolution: {integrity: sha512-eljcgEDlEns/7AXFosB5K/2nCM4P7FQPkGc/DWLy5rmFEWvZayGrik1d9/QIY5nJ4f9YsVvBkA6kJpHn9rISdQ==}
    engines: {node: ^12.20.0 || ^14.13.1 || >=16.0.0}
    hasBin: true

  is-in-ssh@1.0.0:
    resolution: {integrity: sha512-jYa6Q9rH90kR1vKB6NM7qqd1mge3Fx4Dhw5TVlK1MUBqhEOuCagrEHMevNuCcbECmXZ0ThXkRm+Ymr51HwEPAw==}
    engines: {node: '>=20'}

  is-inside-container@1.0.0:
    resolution: {integrity: sha512-KIYLCCJghfHZxqjYBE7rEy0OBuTd5xCHS7tHVgvCLkx7StIoaxwNW3hCALgEUjFfeRk+MG/Qxmp/vtETEF3tRA==}
    engines: {node: '>=14.16'}
    hasBin: true

  is-number@3.0.0:
    resolution: {integrity: sha512-4cboCqIpliH+mAvFNegjZQ4kgKc3ZUhQVr3HvWbSh5q3WH2v82ct+T2Y1hdU5Gdtorx/cLifQjqCbL7bpznLTg==}
    engines: {node: '>=0.10.0'}

  is-wsl@3.1.0:
    resolution: {integrity: sha512-UcVfVfaK4Sc4m7X3dUSoHoozQGBEFeDC+zVo06t98xe8CzHSZZBekNXH+tu0NalHolcJ/QAGqS46Hef7QXBIMw==}
    engines: {node: '>=16'}

  isarray@1.0.0:
    resolution: {integrity: sha512-VLghIWNM6ELQzo7zwmcg0NmTVyWKYjvIeM83yjp0wRDTmUnrM678fQbcKBo6n2CJEF0szoG//ytg+TKla89ALQ==}

  kind-of@3.2.2:
    resolution: {integrity: sha512-NOW9QQXMoZGg/oqnVNoNTTIFEIid1627WCffUBJEdMxYApq7mNE7CpzucIPc+ZQg25Phej7IJSmX3hO+oblOtQ==}
    engines: {node: '>=0.10.0'}

  line-count@0.1.0:
    resolution: {integrity: sha512-7v7MiE8+Se7lXz6MFc/N1hMhXLKsI7bK4kkGUfDZHlsg80//LJJa87at1dxO7ddudleEl2SDMT3tHUmSPeEeTA==}
    engines: {node: '>=0.10.0'}

  moment@2.30.1:
    resolution: {integrity: sha512-uEmtNhbDOrWPFS+hdjFCBfy9f2YoyzRpwcl+DqpC6taX21FzsTLQVbMV/W7PzNSX6x/bhC1zA3c2UQ5NzH6how==}

  mute-stream@3.0.0:
    resolution: {integrity: sha512-dkEJPVvun4FryqBmZ5KhDo0K9iDXAwn08tMLDinNdRBNPcYEDiWYysLcc6k3mjTMlbP9KyylvRpd4wFtwrT9rw==}
    engines: {node: ^20.17.0 || >=22.9.0}

  open@11.0.0:
    resolution: {integrity: sha512-smsWv2LzFjP03xmvFoJ331ss6h+jixfA4UUV/Bsiyuu4YJPfN+FIQGOIiv4w9/+MoHkfkJ22UIaQWRVFRfH6Vw==}
    engines: {node: '>=20'}

  pass-stream@1.0.0:
    resolution: {integrity: sha512-hqejLFE/hk60iSdC1ucocFL7dufoUO7W6H4l5247LJu8e+vjjvrQdVDuL2zKqwK6ohdz8HsvA63Ny05kJVIO7Q==}
    engines: {node: '>=0.10'}

  powershell-utils@0.1.0:
    resolution: {integrity: sha512-dM0jVuXJPsDN6DvRpea484tCUaMiXWjuCn++HGTqUWzGDjv5tZkEZldAJ/UMlqRYGFrD/etByo4/xOuC/snX2A==}
    engines: {node: '>=20'}

  process-nextick-args@2.0.1:
    resolution: {integrity: sha512-3ouUOpQhtgrbOa17J7+uxOTpITYWaGP7/AhoR3+A+/1e9skrzelGi/dXzEYyvbxubEF6Wn2ypscTKiKJFFn1ag==}

  prompt-skeleton@1.0.4:
    resolution: {integrity: sha512-ttLcpMFLkvySwFc7fBKvRaNxBfjxyFfK5abSj5WvFX4JmaavbSCjwwYKzOc6Skw96jNhK2SBpIBbNDudnCQYxw==}
    engines: {node: '>=4'}

  readable-stream@2.3.8:
    resolution: {integrity: sha512-8p0AUk4XODgIewSi0l8Epjs+EVnWiK7NoDIEGU0HhE7+ZyY8D1IMY7odu5lRrFXGg71L15KG8QrPmum45RTtdA==}

  run-applescript@7.1.0:
    resolution: {integrity: sha512-DPe5pVFaAsinSaV6QjQ6gdiedWDcRCbUuiQfQa2wmWV7+xC9bGulGI8+TdRmoFkAPaBXk8CrAbnlY2ISniJ47Q==}
    engines: {node: '>=18'}

  safe-buffer@5.1.2:
    resolution: {integrity: sha512-Gd2UZBJDkXlY7GbJxfsE8/nvKkUEU1G38c1siN6QP6a9PT9MmHB8GnpscSmMJSoF8LOIrt8ud/wPtojys4G6+g==}

  safer-buffer@2.1.2:
    resolution: {integrity: sha512-YZo3K82SD7Riyi0E1EQPojLz7kpepnSQI9IyPbHHg1XXXevb5dJI7tpyN2ADxGcQbHG7vcyRHk0cbwqcQriUtg==}

  signal-exit@4.1.0:
    resolution: {integrity: sha512-bzyZ1e88w9O1iNJbKnOlvYTrWPDl46O1bG0D3XInv+9tkPrxrN8jUUTiFlDkkmKWgn1M6CfIA13SuGqOa9Korw==}
    engines: {node: '>=14'}

  string-width@7.2.0:
    resolution: {integrity: sha512-tsaTIkKW9b4N+AEj+SVA+WhJzV7/zMhcSu78mLKWSk7cXMOSHsBKFWUs0fWwq8QyK3MgJBQRX6Gbi4kYbdvGkQ==}
    engines: {node: '>=18'}

  string_decoder@1.1.1:
    resolution: {integrity: sha512-n/ShnvDi6FHbbVfviro+WojiFzv+s8MPMHBczVePfUpDJLwoLT0ht1l4YwBCbi8pJAveEEdnkHyPyTP/mzRfwg==}

  strip-ansi@7.1.2:
    resolution: {integrity: sha512-gmBGslpoQJtgnMAvOVqGZpEz9dyoKTCzy2nfz/n8aIFhN/jCE/rCmcxabB6jOOHV+0WNnylOxaxBQPSvcWklhA==}
    engines: {node: '>=12'}

  supports-color@5.5.0:
    resolution: {integrity: sha512-QjVjwdXIt408MIiAqCX4oUKsgU2EqAGzs2Ppkm4aQYbjm+ZEWEcW4SfFNTr4uMNZma0ey4f5lgLrkB0aX0QMow==}
    engines: {node: '>=4'}

  supports-color@7.2.0:
    resolution: {integrity: sha512-qpCAvRl9stuOHveKsn7HncJRvv501qIacKzQlO/+Lwxc9+0q2wLyv4Dfvt80/DPn2pqOBsJdDiogXGR9+OvwRw==}
    engines: {node: '>=8'}

  through2@2.0.5:
    resolution: {integrity: sha512-/mrRod8xqpA+IHSLyGCQ2s8SPHiCDEeQJSep1jqLYeEUClOFG2Qsh+4FU6G9VeqpZnGW/Su8LQGc4YKni5rYSQ==}

  type-fest@0.21.3:
    resolution: {integrity: sha512-t0rzBq87m3fVcduHDUFhKmyyX+9eo6WQjZvf51Ea/M0Q7+T374Jp1aUiyUl0GKxp8M/OETVHSDvmkyPgvX+X2w==}
    engines: {node: '>=10'}

  typescript@5.9.3:
    resolution: {integrity: sha512-jl1vZzPDinLr9eUt3J/t7V6FgNEw9QjvBPdysz9KfQDD41fQrC2Y4vKQdiaUpFT4bXlb1RHhLpp8wtm6M5TgSw==}
    engines: {node: '>=14.17'}
    hasBin: true

  undici-types@7.16.0:
    resolution: {integrity: sha512-Zz+aZWSj8LE6zoxD+xrjh4VfkIG8Ya6LvYkZqtUQGJPZjYl53ypCaUwWqo7eI0x66KBGeRo+mlBEkMSeSZ38Nw==}

  util-deprecate@1.0.2:
    resolution: {integrity: sha512-EPD5q1uXyFxJpCrLnCc1nHnq3gOa6DZBocAIiI2TaSCA7VCJ1UJDMagCzIkXNsUYfD1daK//LTEQ8xiIbrHtcw==}

  window-size@1.1.1:
    resolution: {integrity: sha512-5D/9vujkmVQ7pSmc0SCBmHXbkv6eaHwXEx65MywhmUMsI8sGqJ972APq1lotfcwMKPFLuCFfL8xGHLIp7jaBmA==}
    engines: {node: '>= 0.10.0'}
    hasBin: true

  wrap-ansi@9.0.2:
    resolution: {integrity: sha512-42AtmgqjV+X1VpdOfyTGOYRi0/zsoLqtXQckTmqTeybT+BDIbM/Guxo7x3pE2vtpr1ok6xRqM9OpBe+Jyoqyww==}
    engines: {node: '>=18'}

  wsl-utils@0.3.0:
    resolution: {integrity: sha512-3sFIGLiaDP7rTO4xh3g+b3AzhYDIUGGywE/WsmqzJWDxus5aJXVnPTNC/6L+r2WzrwXqVOdD262OaO+cEyPMSQ==}
    engines: {node: '>=20'}

  xtend@4.0.2:
    resolution: {integrity: sha512-LKYU1iAXJXUgAXn9URjiu+MWhyUXHsvfp7mcuYm9dSUKK0/CjtrUwFAxD82/mCWbtLsGjFIad0wIsod4zrTAEQ==}
    engines: {node: '>=0.4'}

snapshots:

  '@derhuerst/cli-on-key@0.1.0': {}

  '@inquirer/ansi@2.0.2': {}

  '@inquirer/checkbox@5.0.2(@types/node@24.10.1)':
    dependencies:
      '@inquirer/ansi': 2.0.2
      '@inquirer/core': 11.0.2(@types/node@24.10.1)
      '@inquirer/figures': 2.0.2
      '@inquirer/type': 4.0.2(@types/node@24.10.1)
    optionalDependencies:
      '@types/node': 24.10.1

  '@inquirer/confirm@6.0.2(@types/node@24.10.1)':
    dependencies:
      '@inquirer/core': 11.0.2(@types/node@24.10.1)
      '@inquirer/type': 4.0.2(@types/node@24.10.1)
    optionalDependencies:
      '@types/node': 24.10.1

  '@inquirer/core@11.0.2(@types/node@24.10.1)':
    dependencies:
      '@inquirer/ansi': 2.0.2
      '@inquirer/figures': 2.0.2
      '@inquirer/type': 4.0.2(@types/node@24.10.1)
      cli-width: 4.1.0
      mute-stream: 3.0.0
      signal-exit: 4.1.0
      wrap-ansi: 9.0.2
    optionalDependencies:
      '@types/node': 24.10.1

  '@inquirer/editor@5.0.2(@types/node@24.10.1)':
    dependencies:
      '@inquirer/core': 11.0.2(@types/node@24.10.1)
      '@inquirer/external-editor': 2.0.2(@types/node@24.10.1)
      '@inquirer/type': 4.0.2(@types/node@24.10.1)
    optionalDependencies:
      '@types/node': 24.10.1

  '@inquirer/expand@5.0.2(@types/node@24.10.1)':
    dependencies:
      '@inquirer/core': 11.0.2(@types/node@24.10.1)
      '@inquirer/type': 4.0.2(@types/node@24.10.1)
    optionalDependencies:
      '@types/node': 24.10.1

  '@inquirer/external-editor@2.0.2(@types/node@24.10.1)':
    dependencies:
      chardet: 2.1.1
      iconv-lite: 0.7.0
    optionalDependencies:
      '@types/node': 24.10.1

  '@inquirer/figures@2.0.2': {}

  '@inquirer/input@5.0.2(@types/node@24.10.1)':
    dependencies:
      '@inquirer/core': 11.0.2(@types/node@24.10.1)
      '@inquirer/type': 4.0.2(@types/node@24.10.1)
    optionalDependencies:
      '@types/node': 24.10.1

  '@inquirer/number@4.0.2(@types/node@24.10.1)':
    dependencies:
      '@inquirer/core': 11.0.2(@types/node@24.10.1)
      '@inquirer/type': 4.0.2(@types/node@24.10.1)
    optionalDependencies:
      '@types/node': 24.10.1

  '@inquirer/password@5.0.2(@types/node@24.10.1)':
    dependencies:
      '@inquirer/ansi': 2.0.2
      '@inquirer/core': 11.0.2(@types/node@24.10.1)
      '@inquirer/type': 4.0.2(@types/node@24.10.1)
    optionalDependencies:
      '@types/node': 24.10.1

  '@inquirer/prompts@8.0.2(@types/node@24.10.1)':
    dependencies:
      '@inquirer/checkbox': 5.0.2(@types/node@24.10.1)
      '@inquirer/confirm': 6.0.2(@types/node@24.10.1)
      '@inquirer/editor': 5.0.2(@types/node@24.10.1)
      '@inquirer/expand': 5.0.2(@types/node@24.10.1)
      '@inquirer/input': 5.0.2(@types/node@24.10.1)
      '@inquirer/number': 4.0.2(@types/node@24.10.1)
      '@inquirer/password': 5.0.2(@types/node@24.10.1)
      '@inquirer/rawlist': 5.0.2(@types/node@24.10.1)
      '@inquirer/search': 4.0.2(@types/node@24.10.1)
      '@inquirer/select': 5.0.2(@types/node@24.10.1)
    optionalDependencies:
      '@types/node': 24.10.1

  '@inquirer/rawlist@5.0.2(@types/node@24.10.1)':
    dependencies:
      '@inquirer/core': 11.0.2(@types/node@24.10.1)
      '@inquirer/type': 4.0.2(@types/node@24.10.1)
    optionalDependencies:
      '@types/node': 24.10.1

  '@inquirer/search@4.0.2(@types/node@24.10.1)':
    dependencies:
      '@inquirer/core': 11.0.2(@types/node@24.10.1)
      '@inquirer/figures': 2.0.2
      '@inquirer/type': 4.0.2(@types/node@24.10.1)
    optionalDependencies:
      '@types/node': 24.10.1

  '@inquirer/select@5.0.2(@types/node@24.10.1)':
    dependencies:
      '@inquirer/ansi': 2.0.2
      '@inquirer/core': 11.0.2(@types/node@24.10.1)
      '@inquirer/figures': 2.0.2
      '@inquirer/type': 4.0.2(@types/node@24.10.1)
    optionalDependencies:
      '@types/node': 24.10.1

  '@inquirer/type@4.0.2(@types/node@24.10.1)':
    optionalDependencies:
      '@types/node': 24.10.1

  '@types/follow-redirects@1.14.4':
    dependencies:
      '@types/node': 24.10.1

  '@types/node@24.10.1':
    dependencies:
      undici-types: 7.16.0

  ansi-diff-stream@1.2.1:
    dependencies:
      ansi-regex: 2.1.1
      buffer-from: 1.1.2
      through2: 2.0.5

  ansi-escapes@3.2.0: {}

  ansi-escapes@4.3.2:
    dependencies:
      type-fest: 0.21.3

  ansi-regex@2.1.1: {}

  ansi-regex@6.2.2: {}

  ansi-styles@3.2.1:
    dependencies:
      color-convert: 1.9.3

  ansi-styles@4.3.0:
    dependencies:
      color-convert: 2.0.1

  ansi-styles@6.2.3: {}

  buffer-from@1.1.2: {}

  bundle-name@4.1.0:
    dependencies:
      run-applescript: 7.1.0

  chalk@2.4.2:
    dependencies:
      ansi-styles: 3.2.1
      escape-string-regexp: 1.0.5
      supports-color: 5.5.0

  chalk@4.1.2:
    dependencies:
      ansi-styles: 4.3.0
      supports-color: 7.2.0

  chardet@2.1.1: {}

  cli-styles@1.0.0:
    dependencies:
      chalk: 2.4.2
      figures: 2.0.0
      line-count: 0.1.0
      window-size: 1.1.1

  cli-width@4.1.0: {}

  color-convert@1.9.3:
    dependencies:
      color-name: 1.1.3

  color-convert@2.0.1:
    dependencies:
      color-name: 1.1.4

  color-name@1.1.3: {}

  color-name@1.1.4: {}

  commander@14.0.2: {}

  core-util-is@1.0.3: {}

  date-prompt@1.0.0:
    dependencies:
      ansi-escapes: 4.3.2
      chalk: 4.1.2
      cli-styles: 1.0.0
      moment: 2.30.1
      prompt-skeleton: 1.0.4

  default-browser-id@5.0.1: {}

  default-browser@5.4.0:
    dependencies:
      bundle-name: 4.1.0
      default-browser-id: 5.0.1

  define-lazy-prop@3.0.0: {}

  define-property@1.0.0:
    dependencies:
      is-descriptor: 1.0.3

  emoji-regex@10.6.0: {}

  escape-string-regexp@1.0.5: {}

  figures@2.0.0:
    dependencies:
      escape-string-regexp: 1.0.5

  follow-redirects@1.15.11: {}

  function-bind@1.1.2: {}

  get-east-asian-width@1.4.0: {}

  has-flag@3.0.0: {}

  has-flag@4.0.0: {}

  hasown@2.0.2:
    dependencies:
      function-bind: 1.1.2

  iconv-lite@0.7.0:
    dependencies:
      safer-buffer: 2.1.2

  inherits@2.0.4: {}

  is-accessor-descriptor@1.0.1:
    dependencies:
      hasown: 2.0.2

  is-buffer@1.1.6: {}

  is-data-descriptor@1.0.1:
    dependencies:
      hasown: 2.0.2

  is-descriptor@1.0.3:
    dependencies:
      is-accessor-descriptor: 1.0.1
      is-data-descriptor: 1.0.1

  is-docker@3.0.0: {}

  is-in-ssh@1.0.0: {}

  is-inside-container@1.0.0:
    dependencies:
      is-docker: 3.0.0

  is-number@3.0.0:
    dependencies:
      kind-of: 3.2.2

  is-wsl@3.1.0:
    dependencies:
      is-inside-container: 1.0.0

  isarray@1.0.0: {}

  kind-of@3.2.2:
    dependencies:
      is-buffer: 1.1.6

  line-count@0.1.0: {}

  moment@2.30.1: {}

  mute-stream@3.0.0: {}

  open@11.0.0:
    dependencies:
      default-browser: 5.4.0
      define-lazy-prop: 3.0.0
      is-in-ssh: 1.0.0
      is-inside-container: 1.0.0
      powershell-utils: 0.1.0
      wsl-utils: 0.3.0

  pass-stream@1.0.0: {}

  powershell-utils@0.1.0: {}

  process-nextick-args@2.0.1: {}

  prompt-skeleton@1.0.4:
    dependencies:
      '@derhuerst/cli-on-key': 0.1.0
      ansi-diff-stream: 1.2.1
      ansi-escapes: 3.2.0
      pass-stream: 1.0.0
      window-size: 1.1.1

  readable-stream@2.3.8:
    dependencies:
      core-util-is: 1.0.3
      inherits: 2.0.4
      isarray: 1.0.0
      process-nextick-args: 2.0.1
      safe-buffer: 5.1.2
      string_decoder: 1.1.1
      util-deprecate: 1.0.2

  run-applescript@7.1.0: {}

  safe-buffer@5.1.2: {}

  safer-buffer@2.1.2: {}

  signal-exit@4.1.0: {}

  string-width@7.2.0:
    dependencies:
      emoji-regex: 10.6.0
      get-east-asian-width: 1.4.0
      strip-ansi: 7.1.2

  string_decoder@1.1.1:
    dependencies:
      safe-buffer: 5.1.2

  strip-ansi@7.1.2:
    dependencies:
      ansi-regex: 6.2.2

  supports-color@5.5.0:
    dependencies:
      has-flag: 3.0.0

  supports-color@7.2.0:
    dependencies:
      has-flag: 4.0.0

  through2@2.0.5:
    dependencies:
      readable-stream: 2.3.8
      xtend: 4.0.2

  type-fest@0.21.3: {}

  typescript@5.9.3: {}

  undici-types@7.16.0: {}

  util-deprecate@1.0.2: {}

  window-size@1.1.1:
    dependencies:
      define-property: 1.0.0
      is-number: 3.0.0

  wrap-ansi@9.0.2:
    dependencies:
      ansi-styles: 6.2.3
      string-width: 7.2.0
      strip-ansi: 7.1.2

  wsl-utils@0.3.0:
    dependencies:
      is-wsl: 3.1.0
      powershell-utils: 0.1.0

  xtend@4.0.2: {}
